
Microsoft Visual Studio Solution File, Format Version 12.00
# Visual Studio Version 17
VisualStudioVersion = 17.9.34622.214
MinimumVisualStudioVersion = 10.0.40219.1
Project("{FAE04EC0-301F-11D3-BF4B-00C04F79EFBC}") = "StaffWork.Web", "StaffWork.Web\StaffWork.Web.csproj", "{20C68EDC-8F1E-4EF0-A3E0-AD129EC8B077}"
EndProject
Project("{FAE04EC0-301F-11D3-BF4B-00C04F79EFBC}") = "StaffWork.Core", "StaffWork.Core\StaffWork.Core.csproj", "{736F69A0-F4CF-4D3D-85FA-441BB669CDAB}"
EndProject
Project("{FAE04EC0-301F-11D3-BF4B-00C04F79EFBC}") = "StaffWork.Infrastructure", "StaffWork.Infrastructure\StaffWork.Infrastructure.csproj", "{FAF97DB3-DC3C-4C7E-AC8E-32E904027EFB}"
EndProject
Global
	GlobalSection(SolutionConfigurationPlatforms) = preSolution
		Debug|Any CPU = Debug|Any CPU
		Release|Any CPU = Release|Any CPU
	EndGlobalSection
	GlobalSection(ProjectConfigurationPlatforms) = postSolution
		{20C68EDC-8F1E-4EF0-A3E0-AD129EC8B077}.Debug|Any CPU.ActiveCfg = Debug|Any CPU
		{20C68EDC-8F1E-4EF0-A3E0-AD129EC8B077}.Debug|Any CPU.Build.0 = Debug|Any CPU
		{20C68EDC-8F1E-4EF0-A3E0-AD129EC8B077}.Release|Any CPU.ActiveCfg = Release|Any CPU
		{20C68EDC-8F1E-4EF0-A3E0-AD129EC8B077}.Release|Any CPU.Build.0 = Release|Any CPU
		{736F69A0-F4CF-4D3D-85FA-441BB669CDAB}.Debug|Any CPU.ActiveCfg = Debug|Any CPU
		{736F69A0-F4CF-4D3D-85FA-441BB669CDAB}.Debug|Any CPU.Build.0 = Debug|Any CPU
		{736F69A0-F4CF-4D3D-85FA-441BB669CDAB}.Release|Any CPU.ActiveCfg = Release|Any CPU
		{736F69A0-F4CF-4D3D-85FA-441BB669CDAB}.Release|Any CPU.Build.0 = Release|Any CPU
		{FAF97DB3-DC3C-4C7E-AC8E-32E904027EFB}.Debug|Any CPU.ActiveCfg = Debug|Any CPU
		{FAF97DB3-DC3C-4C7E-AC8E-32E904027EFB}.Debug|Any CPU.Build.0 = Debug|Any CPU
		{FAF97DB3-DC3C-4C7E-AC8E-32E904027EFB}.Release|Any CPU.ActiveCfg = Release|Any CPU
		{FAF97DB3-DC3C-4C7E-AC8E-32E904027EFB}.Release|Any CPU.Build.0 = Release|Any CPU
	EndGlobalSection
	GlobalSection(SolutionProperties) = preSolution
		HideSolutionNode = FALSE
	EndGlobalSection
	GlobalSection(ExtensibilityGlobals) = postSolution
		SolutionGuid = {D7FFD865-E98F-483C-BFFF-105EFA93039B}
	EndGlobalSection
EndGlobal
